
Microsoft Visual Studio Solution File, Format Version 12.00
# Visual Studio Version 17
VisualStudioVersion = 17.9.34902.65
MinimumVisualStudioVersion = 10.0.40219.1
Project("{9A19103F-16F7-4668-BE54-9A1E7A4F7556}") = "BossesGiveRandomDebuffs", "BossesGiveRandomDebuffs.csproj", "{02DFAAB9-C9F0-41AF-863F-BBCFC67619A2}"
EndProject
Global
	GlobalSection(SolutionConfigurationPlatforms) = preSolution
		Debug|Any CPU = Debug|Any CPU
		Release|Any CPU = Release|Any CPU
	EndGlobalSection
	GlobalSection(ProjectConfigurationPlatforms) = postSolution
		{02DFAAB9-C9F0-41AF-863F-BBCFC67619A2}.Debug|Any CPU.ActiveCfg = Debug|Any CPU
		{02DFAAB9-C9F0-41AF-863F-BBCFC67619A2}.Debug|Any CPU.Build.0 = Debug|Any CPU
		{02DFAAB9-C9F0-41AF-863F-BBCFC67619A2}.Release|Any CPU.ActiveCfg = Release|Any CPU
		{02DFAAB9-C9F0-41AF-863F-BBCFC67619A2}.Release|Any CPU.Build.0 = Release|Any CPU
	EndGlobalSection
	GlobalSection(SolutionProperties) = preSolution
		HideSolutionNode = FALSE
	EndGlobalSection
	GlobalSection(ExtensibilityGlobals) = postSolution
		SolutionGuid = {0343055F-53C5-4C4A-9089-6F127A214545}
	EndGlobalSection
EndGlobal
